{
  "name": "2025-summer-b",
  "lockfileVersion": 3,
  "requires": true,
  "packages": {
    "": {
      "dependencies": {
        "uuidjs": "^5.1.0"
      }
    },
    "node_modules/uuidjs": {
      "version": "5.1.0",
      "resolved": "https://registry.npmjs.org/uuidjs/-/uuidjs-5.1.0.tgz",
      "integrity": "sha512-HAQPtUkr7t5Ud3uCwRcqtBRNagu/2aerrrBQE6PzgSluGijvFF75UaOq22Xw545GGviRjSLhc4c8CaSMI5h4Ng==",
      "license": "Apache-2.0",
      "bin": {
        "uuidjs": "dist/cli.js"
      }
    }
  }
}
